
Microsoft Visual Studio Solution File, Format Version 12.00
# Visual Studio Version 17
VisualStudioVersion = 17.7.34024.191
MinimumVisualStudioVersion = 10.0.40219.1
Project("{FAE04EC0-301F-11D3-BF4B-00C04F79EFBC}") = "arksuz inf 04", "arksuz inf 04\arksuz inf 04.csproj", "{50C47FC7-D478-4C77-9F3C-2A85D78E3CBD}"
EndProject
Global
	GlobalSection(SolutionConfigurationPlatforms) = preSolution
		Debug|Any CPU = Debug|Any CPU
		Release|Any CPU = Release|Any CPU
	EndGlobalSection
	GlobalSection(ProjectConfigurationPlatforms) = postSolution
		{50C47FC7-D478-4C77-9F3C-2A85D78E3CBD}.Debug|Any CPU.ActiveCfg = Debug|Any CPU
		{50C47FC7-D478-4C77-9F3C-2A85D78E3CBD}.Debug|Any CPU.Build.0 = Debug|Any CPU
		{50C47FC7-D478-4C77-9F3C-2A85D78E3CBD}.Release|Any CPU.ActiveCfg = Release|Any CPU
		{50C47FC7-D478-4C77-9F3C-2A85D78E3CBD}.Release|Any CPU.Build.0 = Release|Any CPU
	EndGlobalSection
	GlobalSection(SolutionProperties) = preSolution
		HideSolutionNode = FALSE
	EndGlobalSection
	GlobalSection(ExtensibilityGlobals) = postSolution
		SolutionGuid = {55DEEE58-F168-46AD-A0EE-39AAFBAC8BA2}
	EndGlobalSection
EndGlobal
