
Microsoft Visual Studio Solution File, Format Version 12.00
# Visual Studio Version 16
VisualStudioVersion = 16.0.31624.102
MinimumVisualStudioVersion = 10.0.40219.1
Project("{8BC9CEB8-8B4A-11D0-8D11-00A0C91BC942}") = "Treść zadań", "Treść zadań\Treść zadań.vcxproj", "{0B07B802-470B-4138-B230-2B10985A7182}"
EndProject
Project("{2150E333-8FDC-42A3-9474-1A3956D46DE8}") = "00. Treści zadań", "00. Treści zadań", "{1D9152DC-3916-4267-8618-BDBB776AF330}"
EndProject
Project("{2150E333-8FDC-42A3-9474-1A3956D46DE8}") = "01. Podstawy programowania", "01. Podstawy programowania", "{5219D71D-C2E7-4327-8887-395646D84B2A}"
EndProject
Project("{8BC9CEB8-8B4A-11D0-8D11-00A0C91BC942}") = "Podstawy programowania", "Podstawy programowania\Podstawy programowania.vcxproj", "{574655A8-6396-42CF-A03E-50A28749F221}"
EndProject
Project("{2150E333-8FDC-42A3-9474-1A3956D46DE8}") = "02. Instrukcja warunkowe", "02. Instrukcja warunkowe", "{D06B56EF-0F91-4942-9BBA-0E943D9DC996}"
EndProject
Project("{8BC9CEB8-8B4A-11D0-8D11-00A0C91BC942}") = "Instrukcja IF", "Instrukcja IF\Instrukcja IF.vcxproj", "{EB4BDB4C-9727-4498-99C9-F9865D3EA9A5}"
EndProject
Project("{8BC9CEB8-8B4A-11D0-8D11-00A0C91BC942}") = "Instrukcja WHILE", "Instrukcja WHILE\Instrukcja WHILE.vcxproj", "{DAC1F5AD-1C5B-478E-A318-43AA4AC3E419}"
EndProject
Project("{8BC9CEB8-8B4A-11D0-8D11-00A0C91BC942}") = "Instrukcja DO-WHILE", "Instrukcja DO-WHILE\Instrukcja DO-WHILE.vcxproj", "{41739FE2-D2B2-4447-AA5A-7F81676ECBF9}"
EndProject
Project("{8BC9CEB8-8B4A-11D0-8D11-00A0C91BC942}") = "Instrukcja FOR", "Instrukcja FOR\Instrukcja FOR.vcxproj", "{AB2D89D1-36BF-4E33-B3EE-3FF78245DD7E}"
EndProject
Project("{8BC9CEB8-8B4A-11D0-8D11-00A0C91BC942}") = "Instrukcja SWITCH", "Instrukcja SWITCH\Instrukcja SWITCH.vcxproj", "{245A9F3B-AAF1-4014-A632-0222B74012AB}"
EndProject
Project("{2150E333-8FDC-42A3-9474-1A3956D46DE8}") = "03. Łańcuchy znaków", "03. Łańcuchy znaków", "{9FC189B0-BE2F-4E7D-84C8-849BA3F300E6}"
EndProject
Project("{8BC9CEB8-8B4A-11D0-8D11-00A0C91BC942}") = "Typ Char", "Typ Char\Typ Char.vcxproj", "{31AA7405-1731-48A8-AFDE-EE16E347B03A}"
EndProject
Project("{2150E333-8FDC-42A3-9474-1A3956D46DE8}") = "04. Funkcje", "04. Funkcje", "{6CAA5402-20B2-4AC5-9EB0-FA0116FDE3C8}"
EndProject
Project("{8BC9CEB8-8B4A-11D0-8D11-00A0C91BC942}") = "Funkcje", "Funkcje\Funkcje.vcxproj", "{2E98D979-5954-433F-B0B5-09938A548CC6}"
EndProject
Project("{8BC9CEB8-8B4A-11D0-8D11-00A0C91BC942}") = "Typ string", "Typ string\Typ string.vcxproj", "{623DEB57-3BD3-4299-8599-F9AE83480BFF}"
EndProject
Project("{2150E333-8FDC-42A3-9474-1A3956D46DE8}") = "05. Algorytmy wyszukiwania", "05. Algorytmy wyszukiwania", "{87FC65B3-E5CA-45A8-B5B9-5544965123DB}"
EndProject
Project("{8BC9CEB8-8B4A-11D0-8D11-00A0C91BC942}") = "Algorytmy wyszukiwania", "Algorytmy wyszukiwania\Algorytmy wyszukiwania.vcxproj", "{373539EF-8E53-46F0-82DD-044487242382}"
EndProject
Project("{2150E333-8FDC-42A3-9474-1A3956D46DE8}") = "06. Kolekcje", "06. Kolekcje", "{60F98016-89CB-417F-9BBA-4F868AE7A447}"
EndProject
Project("{8BC9CEB8-8B4A-11D0-8D11-00A0C91BC942}") = "Tablice", "Tablice\Tablice.vcxproj", "{0B5109FD-6DDF-4A44-9C88-13D58D4DB800}"
EndProject
Project("{2150E333-8FDC-42A3-9474-1A3956D46DE8}") = "07. Powtórzenie", "07. Powtórzenie", "{B9CE34EF-2A04-4254-B787-AA55A44C01F4}"
EndProject
Project("{8BC9CEB8-8B4A-11D0-8D11-00A0C91BC942}") = "Pwotórzenie", "Pwotórzenie\Pwotórzenie.vcxproj", "{EC7ED392-3CB3-4C37-A07E-2A783B354D2F}"
EndProject
Project("{2150E333-8FDC-42A3-9474-1A3956D46DE8}") = "08. sruktury", "08. sruktury", "{D55F42BA-2A34-4CA7-9D14-FADDE720A03B}"
EndProject
Project("{8BC9CEB8-8B4A-11D0-8D11-00A0C91BC942}") = "struktury", "struktury\struktury.vcxproj", "{886A1B9A-EF6C-4596-AFB9-7EF6904C6150}"
EndProject
Project("{2150E333-8FDC-42A3-9474-1A3956D46DE8}") = "09. Wskaźniki", "09. Wskaźniki", "{F0344659-7650-43FD-9808-2A45CA8CF20A}"
EndProject
Project("{8BC9CEB8-8B4A-11D0-8D11-00A0C91BC942}") = "wskaźniki", "wskaźniki\wskaźniki.vcxproj", "{CD04C8E5-3B50-4C77-A6A4-71077F582DC3}"
EndProject
Project("{2150E333-8FDC-42A3-9474-1A3956D46DE8}") = "10. podstawy obiektów", "10. podstawy obiektów", "{D2F0FBD4-B704-4C76-A72F-1C659AB4B474}"
EndProject
Project("{8BC9CEB8-8B4A-11D0-8D11-00A0C91BC942}") = "obiektówka podstawy", "obiektówka podstawy\obiektówka podstawy.vcxproj", "{BD7F4499-CDC5-49F9-9FFF-8C689FF002C5}"
EndProject
Project("{8BC9CEB8-8B4A-11D0-8D11-00A0C91BC942}") = "samochod", "samochod\samochod.vcxproj", "{2D01AD63-3BF8-4D22-B712-EFBF2139675A}"
EndProject
Project("{8BC9CEB8-8B4A-11D0-8D11-00A0C91BC942}") = "zadanko", "zadanko\zadanko.vcxproj", "{157C2052-364C-444C-83FC-240A1C5A9B5E}"
EndProject
Project("{2150E333-8FDC-42A3-9474-1A3956D46DE8}") = "C++", "C++", "{355CD1A3-BB1B-4D68-AB53-C24A90EDDBE9}"
EndProject
Project("{2150E333-8FDC-42A3-9474-1A3956D46DE8}") = "Cs", "Cs", "{5C304753-2A35-4042-A808-EF6B3CE2F866}"
EndProject
Project("{2150E333-8FDC-42A3-9474-1A3956D46DE8}") = "01.Podstawy", "01.Podstawy", "{7E8A689D-4314-4643-AF2A-E38940F06C28}"
EndProject
Project("{FAE04EC0-301F-11D3-BF4B-00C04F79EFBC}") = "firstApp", "firstApp\firstApp.csproj", "{E26722BD-6B43-40BB-9FFC-069C96CA696C}"
EndProject
Global
	GlobalSection(SolutionConfigurationPlatforms) = preSolution
		Debug|Any CPU = Debug|Any CPU
		Debug|x64 = Debug|x64
		Debug|x86 = Debug|x86
		Release|Any CPU = Release|Any CPU
		Release|x64 = Release|x64
		Release|x86 = Release|x86
	EndGlobalSection
	GlobalSection(ProjectConfigurationPlatforms) = postSolution
		{0B07B802-470B-4138-B230-2B10985A7182}.Debug|Any CPU.ActiveCfg = Debug|Win32
		{0B07B802-470B-4138-B230-2B10985A7182}.Debug|x64.ActiveCfg = Debug|x64
		{0B07B802-470B-4138-B230-2B10985A7182}.Debug|x64.Build.0 = Debug|x64
		{0B07B802-470B-4138-B230-2B10985A7182}.Debug|x86.ActiveCfg = Debug|Win32
		{0B07B802-470B-4138-B230-2B10985A7182}.Release|Any CPU.ActiveCfg = Release|Win32
		{0B07B802-470B-4138-B230-2B10985A7182}.Release|x64.ActiveCfg = Release|x64
		{0B07B802-470B-4138-B230-2B10985A7182}.Release|x64.Build.0 = Release|x64
		{0B07B802-470B-4138-B230-2B10985A7182}.Release|x86.ActiveCfg = Release|Win32
		{0B07B802-470B-4138-B230-2B10985A7182}.Release|x86.Build.0 = Release|Win32
		{574655A8-6396-42CF-A03E-50A28749F221}.Debug|Any CPU.ActiveCfg = Debug|Win32
		{574655A8-6396-42CF-A03E-50A28749F221}.Debug|x64.ActiveCfg = Debug|x64
		{574655A8-6396-42CF-A03E-50A28749F221}.Debug|x64.Build.0 = Debug|x64
		{574655A8-6396-42CF-A03E-50A28749F221}.Debug|x86.ActiveCfg = Debug|Win32
		{574655A8-6396-42CF-A03E-50A28749F221}.Debug|x86.Build.0 = Debug|Win32
		{574655A8-6396-42CF-A03E-50A28749F221}.Release|Any CPU.ActiveCfg = Release|Win32
		{574655A8-6396-42CF-A03E-50A28749F221}.Release|x64.ActiveCfg = Release|x64
		{574655A8-6396-42CF-A03E-50A28749F221}.Release|x64.Build.0 = Release|x64
		{574655A8-6396-42CF-A03E-50A28749F221}.Release|x86.ActiveCfg = Release|Win32
		{574655A8-6396-42CF-A03E-50A28749F221}.Release|x86.Build.0 = Release|Win32
		{EB4BDB4C-9727-4498-99C9-F9865D3EA9A5}.Debug|Any CPU.ActiveCfg = Debug|Win32
		{EB4BDB4C-9727-4498-99C9-F9865D3EA9A5}.Debug|x64.ActiveCfg = Debug|x64
		{EB4BDB4C-9727-4498-99C9-F9865D3EA9A5}.Debug|x64.Build.0 = Debug|x64
		{EB4BDB4C-9727-4498-99C9-F9865D3EA9A5}.Debug|x86.ActiveCfg = Debug|Win32
		{EB4BDB4C-9727-4498-99C9-F9865D3EA9A5}.Debug|x86.Build.0 = Debug|Win32
		{EB4BDB4C-9727-4498-99C9-F9865D3EA9A5}.Release|Any CPU.ActiveCfg = Release|Win32
		{EB4BDB4C-9727-4498-99C9-F9865D3EA9A5}.Release|x64.ActiveCfg = Release|x64
		{EB4BDB4C-9727-4498-99C9-F9865D3EA9A5}.Release|x64.Build.0 = Release|x64
		{EB4BDB4C-9727-4498-99C9-F9865D3EA9A5}.Release|x86.ActiveCfg = Release|Win32
		{EB4BDB4C-9727-4498-99C9-F9865D3EA9A5}.Release|x86.Build.0 = Release|Win32
		{DAC1F5AD-1C5B-478E-A318-43AA4AC3E419}.Debug|Any CPU.ActiveCfg = Debug|Win32
		{DAC1F5AD-1C5B-478E-A318-43AA4AC3E419}.Debug|x64.ActiveCfg = Debug|x64
		{DAC1F5AD-1C5B-478E-A318-43AA4AC3E419}.Debug|x64.Build.0 = Debug|x64
		{DAC1F5AD-1C5B-478E-A318-43AA4AC3E419}.Debug|x86.ActiveCfg = Debug|Win32
		{DAC1F5AD-1C5B-478E-A318-43AA4AC3E419}.Debug|x86.Build.0 = Debug|Win32
		{DAC1F5AD-1C5B-478E-A318-43AA4AC3E419}.Release|Any CPU.ActiveCfg = Release|Win32
		{DAC1F5AD-1C5B-478E-A318-43AA4AC3E419}.Release|x64.ActiveCfg = Release|x64
		{DAC1F5AD-1C5B-478E-A318-43AA4AC3E419}.Release|x64.Build.0 = Release|x64
		{DAC1F5AD-1C5B-478E-A318-43AA4AC3E419}.Release|x86.ActiveCfg = Release|Win32
		{DAC1F5AD-1C5B-478E-A318-43AA4AC3E419}.Release|x86.Build.0 = Release|Win32
		{41739FE2-D2B2-4447-AA5A-7F81676ECBF9}.Debug|Any CPU.ActiveCfg = Debug|Win32
		{41739FE2-D2B2-4447-AA5A-7F81676ECBF9}.Debug|x64.ActiveCfg = Debug|x64
		{41739FE2-D2B2-4447-AA5A-7F81676ECBF9}.Debug|x64.Build.0 = Debug|x64
		{41739FE2-D2B2-4447-AA5A-7F81676ECBF9}.Debug|x86.ActiveCfg = Debug|Win32
		{41739FE2-D2B2-4447-AA5A-7F81676ECBF9}.Debug|x86.Build.0 = Debug|Win32
		{41739FE2-D2B2-4447-AA5A-7F81676ECBF9}.Release|Any CPU.ActiveCfg = Release|Win32
		{41739FE2-D2B2-4447-AA5A-7F81676ECBF9}.Release|x64.ActiveCfg = Release|x64
		{41739FE2-D2B2-4447-AA5A-7F81676ECBF9}.Release|x64.Build.0 = Release|x64
		{41739FE2-D2B2-4447-AA5A-7F81676ECBF9}.Release|x86.ActiveCfg = Release|Win32
		{41739FE2-D2B2-4447-AA5A-7F81676ECBF9}.Release|x86.Build.0 = Release|Win32
		{AB2D89D1-36BF-4E33-B3EE-3FF78245DD7E}.Debug|Any CPU.ActiveCfg = Debug|Win32
		{AB2D89D1-36BF-4E33-B3EE-3FF78245DD7E}.Debug|x64.ActiveCfg = Debug|x64
		{AB2D89D1-36BF-4E33-B3EE-3FF78245DD7E}.Debug|x64.Build.0 = Debug|x64
		{AB2D89D1-36BF-4E33-B3EE-3FF78245DD7E}.Debug|x86.ActiveCfg = Debug|Win32
		{AB2D89D1-36BF-4E33-B3EE-3FF78245DD7E}.Debug|x86.Build.0 = Debug|Win32
		{AB2D89D1-36BF-4E33-B3EE-3FF78245DD7E}.Release|Any CPU.ActiveCfg = Release|Win32
		{AB2D89D1-36BF-4E33-B3EE-3FF78245DD7E}.Release|x64.ActiveCfg = Release|x64
		{AB2D89D1-36BF-4E33-B3EE-3FF78245DD7E}.Release|x64.Build.0 = Release|x64
		{AB2D89D1-36BF-4E33-B3EE-3FF78245DD7E}.Release|x86.ActiveCfg = Release|Win32
		{AB2D89D1-36BF-4E33-B3EE-3FF78245DD7E}.Release|x86.Build.0 = Release|Win32
		{245A9F3B-AAF1-4014-A632-0222B74012AB}.Debug|Any CPU.ActiveCfg = Debug|Win32
		{245A9F3B-AAF1-4014-A632-0222B74012AB}.Debug|x64.ActiveCfg = Debug|x64
		{245A9F3B-AAF1-4014-A632-0222B74012AB}.Debug|x64.Build.0 = Debug|x64
		{245A9F3B-AAF1-4014-A632-0222B74012AB}.Debug|x86.ActiveCfg = Debug|Win32
		{245A9F3B-AAF1-4014-A632-0222B74012AB}.Debug|x86.Build.0 = Debug|Win32
		{245A9F3B-AAF1-4014-A632-0222B74012AB}.Release|Any CPU.ActiveCfg = Release|Win32
		{245A9F3B-AAF1-4014-A632-0222B74012AB}.Release|x64.ActiveCfg = Release|x64
		{245A9F3B-AAF1-4014-A632-0222B74012AB}.Release|x64.Build.0 = Release|x64
		{245A9F3B-AAF1-4014-A632-0222B74012AB}.Release|x86.ActiveCfg = Release|Win32
		{245A9F3B-AAF1-4014-A632-0222B74012AB}.Release|x86.Build.0 = Release|Win32
		{31AA7405-1731-48A8-AFDE-EE16E347B03A}.Debug|Any CPU.ActiveCfg = Debug|Win32
		{31AA7405-1731-48A8-AFDE-EE16E347B03A}.Debug|x64.ActiveCfg = Debug|x64
		{31AA7405-1731-48A8-AFDE-EE16E347B03A}.Debug|x64.Build.0 = Debug|x64
		{31AA7405-1731-48A8-AFDE-EE16E347B03A}.Debug|x86.ActiveCfg = Debug|Win32
		{31AA7405-1731-48A8-AFDE-EE16E347B03A}.Debug|x86.Build.0 = Debug|Win32
		{31AA7405-1731-48A8-AFDE-EE16E347B03A}.Release|Any CPU.ActiveCfg = Release|Win32
		{31AA7405-1731-48A8-AFDE-EE16E347B03A}.Release|x64.ActiveCfg = Release|x64
		{31AA7405-1731-48A8-AFDE-EE16E347B03A}.Release|x64.Build.0 = Release|x64
		{31AA7405-1731-48A8-AFDE-EE16E347B03A}.Release|x86.ActiveCfg = Release|Win32
		{31AA7405-1731-48A8-AFDE-EE16E347B03A}.Release|x86.Build.0 = Release|Win32
		{2E98D979-5954-433F-B0B5-09938A548CC6}.Debug|Any CPU.ActiveCfg = Debug|Win32
		{2E98D979-5954-433F-B0B5-09938A548CC6}.Debug|x64.ActiveCfg = Debug|x64
		{2E98D979-5954-433F-B0B5-09938A548CC6}.Debug|x64.Build.0 = Debug|x64
		{2E98D979-5954-433F-B0B5-09938A548CC6}.Debug|x86.ActiveCfg = Debug|Win32
		{2E98D979-5954-433F-B0B5-09938A548CC6}.Debug|x86.Build.0 = Debug|Win32
		{2E98D979-5954-433F-B0B5-09938A548CC6}.Release|Any CPU.ActiveCfg = Release|Win32
		{2E98D979-5954-433F-B0B5-09938A548CC6}.Release|x64.ActiveCfg = Release|x64
		{2E98D979-5954-433F-B0B5-09938A548CC6}.Release|x64.Build.0 = Release|x64
		{2E98D979-5954-433F-B0B5-09938A548CC6}.Release|x86.ActiveCfg = Release|Win32
		{2E98D979-5954-433F-B0B5-09938A548CC6}.Release|x86.Build.0 = Release|Win32
		{623DEB57-3BD3-4299-8599-F9AE83480BFF}.Debug|Any CPU.ActiveCfg = Debug|Win32
		{623DEB57-3BD3-4299-8599-F9AE83480BFF}.Debug|x64.ActiveCfg = Debug|x64
		{623DEB57-3BD3-4299-8599-F9AE83480BFF}.Debug|x64.Build.0 = Debug|x64
		{623DEB57-3BD3-4299-8599-F9AE83480BFF}.Debug|x86.ActiveCfg = Debug|Win32
		{623DEB57-3BD3-4299-8599-F9AE83480BFF}.Debug|x86.Build.0 = Debug|Win32
		{623DEB57-3BD3-4299-8599-F9AE83480BFF}.Release|Any CPU.ActiveCfg = Release|Win32
		{623DEB57-3BD3-4299-8599-F9AE83480BFF}.Release|x64.ActiveCfg = Release|x64
		{623DEB57-3BD3-4299-8599-F9AE83480BFF}.Release|x64.Build.0 = Release|x64
		{623DEB57-3BD3-4299-8599-F9AE83480BFF}.Release|x86.ActiveCfg = Release|Win32
		{623DEB57-3BD3-4299-8599-F9AE83480BFF}.Release|x86.Build.0 = Release|Win32
		{373539EF-8E53-46F0-82DD-044487242382}.Debug|Any CPU.ActiveCfg = Debug|Win32
		{373539EF-8E53-46F0-82DD-044487242382}.Debug|x64.ActiveCfg = Debug|x64
		{373539EF-8E53-46F0-82DD-044487242382}.Debug|x64.Build.0 = Debug|x64
		{373539EF-8E53-46F0-82DD-044487242382}.Debug|x86.ActiveCfg = Debug|Win32
		{373539EF-8E53-46F0-82DD-044487242382}.Debug|x86.Build.0 = Debug|Win32
		{373539EF-8E53-46F0-82DD-044487242382}.Release|Any CPU.ActiveCfg = Release|Win32
		{373539EF-8E53-46F0-82DD-044487242382}.Release|x64.ActiveCfg = Release|x64
		{373539EF-8E53-46F0-82DD-044487242382}.Release|x64.Build.0 = Release|x64
		{373539EF-8E53-46F0-82DD-044487242382}.Release|x86.ActiveCfg = Release|Win32
		{373539EF-8E53-46F0-82DD-044487242382}.Release|x86.Build.0 = Release|Win32
		{0B5109FD-6DDF-4A44-9C88-13D58D4DB800}.Debug|Any CPU.ActiveCfg = Debug|Win32
		{0B5109FD-6DDF-4A44-9C88-13D58D4DB800}.Debug|x64.ActiveCfg = Debug|x64
		{0B5109FD-6DDF-4A44-9C88-13D58D4DB800}.Debug|x64.Build.0 = Debug|x64
		{0B5109FD-6DDF-4A44-9C88-13D58D4DB800}.Debug|x86.ActiveCfg = Debug|Win32
		{0B5109FD-6DDF-4A44-9C88-13D58D4DB800}.Debug|x86.Build.0 = Debug|Win32
		{0B5109FD-6DDF-4A44-9C88-13D58D4DB800}.Release|Any CPU.ActiveCfg = Release|Win32
		{0B5109FD-6DDF-4A44-9C88-13D58D4DB800}.Release|x64.ActiveCfg = Release|x64
		{0B5109FD-6DDF-4A44-9C88-13D58D4DB800}.Release|x64.Build.0 = Release|x64
		{0B5109FD-6DDF-4A44-9C88-13D58D4DB800}.Release|x86.ActiveCfg = Release|Win32
		{0B5109FD-6DDF-4A44-9C88-13D58D4DB800}.Release|x86.Build.0 = Release|Win32
		{EC7ED392-3CB3-4C37-A07E-2A783B354D2F}.Debug|Any CPU.ActiveCfg = Debug|Win32
		{EC7ED392-3CB3-4C37-A07E-2A783B354D2F}.Debug|x64.ActiveCfg = Debug|x64
		{EC7ED392-3CB3-4C37-A07E-2A783B354D2F}.Debug|x64.Build.0 = Debug|x64
		{EC7ED392-3CB3-4C37-A07E-2A783B354D2F}.Debug|x86.ActiveCfg = Debug|Win32
		{EC7ED392-3CB3-4C37-A07E-2A783B354D2F}.Debug|x86.Build.0 = Debug|Win32
		{EC7ED392-3CB3-4C37-A07E-2A783B354D2F}.Release|Any CPU.ActiveCfg = Release|Win32
		{EC7ED392-3CB3-4C37-A07E-2A783B354D2F}.Release|x64.ActiveCfg = Release|x64
		{EC7ED392-3CB3-4C37-A07E-2A783B354D2F}.Release|x64.Build.0 = Release|x64
		{EC7ED392-3CB3-4C37-A07E-2A783B354D2F}.Release|x86.ActiveCfg = Release|Win32
		{EC7ED392-3CB3-4C37-A07E-2A783B354D2F}.Release|x86.Build.0 = Release|Win32
		{886A1B9A-EF6C-4596-AFB9-7EF6904C6150}.Debug|Any CPU.ActiveCfg = Debug|Win32
		{886A1B9A-EF6C-4596-AFB9-7EF6904C6150}.Debug|x64.ActiveCfg = Debug|x64
		{886A1B9A-EF6C-4596-AFB9-7EF6904C6150}.Debug|x64.Build.0 = Debug|x64
		{886A1B9A-EF6C-4596-AFB9-7EF6904C6150}.Debug|x86.ActiveCfg = Debug|Win32
		{886A1B9A-EF6C-4596-AFB9-7EF6904C6150}.Debug|x86.Build.0 = Debug|Win32
		{886A1B9A-EF6C-4596-AFB9-7EF6904C6150}.Release|Any CPU.ActiveCfg = Release|Win32
		{886A1B9A-EF6C-4596-AFB9-7EF6904C6150}.Release|x64.ActiveCfg = Release|x64
		{886A1B9A-EF6C-4596-AFB9-7EF6904C6150}.Release|x64.Build.0 = Release|x64
		{886A1B9A-EF6C-4596-AFB9-7EF6904C6150}.Release|x86.ActiveCfg = Release|Win32
		{886A1B9A-EF6C-4596-AFB9-7EF6904C6150}.Release|x86.Build.0 = Release|Win32
		{CD04C8E5-3B50-4C77-A6A4-71077F582DC3}.Debug|Any CPU.ActiveCfg = Debug|Win32
		{CD04C8E5-3B50-4C77-A6A4-71077F582DC3}.Debug|x64.ActiveCfg = Debug|x64
		{CD04C8E5-3B50-4C77-A6A4-71077F582DC3}.Debug|x64.Build.0 = Debug|x64
		{CD04C8E5-3B50-4C77-A6A4-71077F582DC3}.Debug|x86.ActiveCfg = Debug|Win32
		{CD04C8E5-3B50-4C77-A6A4-71077F582DC3}.Debug|x86.Build.0 = Debug|Win32
		{CD04C8E5-3B50-4C77-A6A4-71077F582DC3}.Release|Any CPU.ActiveCfg = Release|Win32
		{CD04C8E5-3B50-4C77-A6A4-71077F582DC3}.Release|x64.ActiveCfg = Release|x64
		{CD04C8E5-3B50-4C77-A6A4-71077F582DC3}.Release|x64.Build.0 = Release|x64
		{CD04C8E5-3B50-4C77-A6A4-71077F582DC3}.Release|x86.ActiveCfg = Release|Win32
		{CD04C8E5-3B50-4C77-A6A4-71077F582DC3}.Release|x86.Build.0 = Release|Win32
		{BD7F4499-CDC5-49F9-9FFF-8C689FF002C5}.Debug|Any CPU.ActiveCfg = Debug|Win32
		{BD7F4499-CDC5-49F9-9FFF-8C689FF002C5}.Debug|x64.ActiveCfg = Debug|x64
		{BD7F4499-CDC5-49F9-9FFF-8C689FF002C5}.Debug|x64.Build.0 = Debug|x64
		{BD7F4499-CDC5-49F9-9FFF-8C689FF002C5}.Debug|x86.ActiveCfg = Debug|Win32
		{BD7F4499-CDC5-49F9-9FFF-8C689FF002C5}.Debug|x86.Build.0 = Debug|Win32
		{BD7F4499-CDC5-49F9-9FFF-8C689FF002C5}.Release|Any CPU.ActiveCfg = Release|Win32
		{BD7F4499-CDC5-49F9-9FFF-8C689FF002C5}.Release|x64.ActiveCfg = Release|x64
		{BD7F4499-CDC5-49F9-9FFF-8C689FF002C5}.Release|x64.Build.0 = Release|x64
		{BD7F4499-CDC5-49F9-9FFF-8C689FF002C5}.Release|x86.ActiveCfg = Release|Win32
		{BD7F4499-CDC5-49F9-9FFF-8C689FF002C5}.Release|x86.Build.0 = Release|Win32
		{2D01AD63-3BF8-4D22-B712-EFBF2139675A}.Debug|Any CPU.ActiveCfg = Debug|Win32
		{2D01AD63-3BF8-4D22-B712-EFBF2139675A}.Debug|x64.ActiveCfg = Debug|x64
		{2D01AD63-3BF8-4D22-B712-EFBF2139675A}.Debug|x64.Build.0 = Debug|x64
		{2D01AD63-3BF8-4D22-B712-EFBF2139675A}.Debug|x86.ActiveCfg = Debug|Win32
		{2D01AD63-3BF8-4D22-B712-EFBF2139675A}.Debug|x86.Build.0 = Debug|Win32
		{2D01AD63-3BF8-4D22-B712-EFBF2139675A}.Release|Any CPU.ActiveCfg = Release|Win32
		{2D01AD63-3BF8-4D22-B712-EFBF2139675A}.Release|x64.ActiveCfg = Release|x64
		{2D01AD63-3BF8-4D22-B712-EFBF2139675A}.Release|x64.Build.0 = Release|x64
		{2D01AD63-3BF8-4D22-B712-EFBF2139675A}.Release|x86.ActiveCfg = Release|Win32
		{2D01AD63-3BF8-4D22-B712-EFBF2139675A}.Release|x86.Build.0 = Release|Win32
		{157C2052-364C-444C-83FC-240A1C5A9B5E}.Debug|Any CPU.ActiveCfg = Debug|Win32
		{157C2052-364C-444C-83FC-240A1C5A9B5E}.Debug|x64.ActiveCfg = Debug|x64
		{157C2052-364C-444C-83FC-240A1C5A9B5E}.Debug|x64.Build.0 = Debug|x64
		{157C2052-364C-444C-83FC-240A1C5A9B5E}.Debug|x86.ActiveCfg = Debug|Win32
		{157C2052-364C-444C-83FC-240A1C5A9B5E}.Debug|x86.Build.0 = Debug|Win32
		{157C2052-364C-444C-83FC-240A1C5A9B5E}.Release|Any CPU.ActiveCfg = Release|Win32
		{157C2052-364C-444C-83FC-240A1C5A9B5E}.Release|x64.ActiveCfg = Release|x64
		{157C2052-364C-444C-83FC-240A1C5A9B5E}.Release|x64.Build.0 = Release|x64
		{157C2052-364C-444C-83FC-240A1C5A9B5E}.Release|x86.ActiveCfg = Release|Win32
		{157C2052-364C-444C-83FC-240A1C5A9B5E}.Release|x86.Build.0 = Release|Win32
		{E26722BD-6B43-40BB-9FFC-069C96CA696C}.Debug|Any CPU.ActiveCfg = Debug|Any CPU
		{E26722BD-6B43-40BB-9FFC-069C96CA696C}.Debug|Any CPU.Build.0 = Debug|Any CPU
		{E26722BD-6B43-40BB-9FFC-069C96CA696C}.Debug|x64.ActiveCfg = Debug|Any CPU
		{E26722BD-6B43-40BB-9FFC-069C96CA696C}.Debug|x64.Build.0 = Debug|Any CPU
		{E26722BD-6B43-40BB-9FFC-069C96CA696C}.Debug|x86.ActiveCfg = Debug|Any CPU
		{E26722BD-6B43-40BB-9FFC-069C96CA696C}.Debug|x86.Build.0 = Debug|Any CPU
		{E26722BD-6B43-40BB-9FFC-069C96CA696C}.Release|Any CPU.ActiveCfg = Release|Any CPU
		{E26722BD-6B43-40BB-9FFC-069C96CA696C}.Release|Any CPU.Build.0 = Release|Any CPU
		{E26722BD-6B43-40BB-9FFC-069C96CA696C}.Release|x64.ActiveCfg = Release|Any CPU
		{E26722BD-6B43-40BB-9FFC-069C96CA696C}.Release|x64.Build.0 = Release|Any CPU
		{E26722BD-6B43-40BB-9FFC-069C96CA696C}.Release|x86.ActiveCfg = Release|Any CPU
		{E26722BD-6B43-40BB-9FFC-069C96CA696C}.Release|x86.Build.0 = Release|Any CPU
	EndGlobalSection
	GlobalSection(SolutionProperties) = preSolution
		HideSolutionNode = FALSE
	EndGlobalSection
	GlobalSection(NestedProjects) = preSolution
		{0B07B802-470B-4138-B230-2B10985A7182} = {1D9152DC-3916-4267-8618-BDBB776AF330}
		{1D9152DC-3916-4267-8618-BDBB776AF330} = {355CD1A3-BB1B-4D68-AB53-C24A90EDDBE9}
		{5219D71D-C2E7-4327-8887-395646D84B2A} = {355CD1A3-BB1B-4D68-AB53-C24A90EDDBE9}
		{574655A8-6396-42CF-A03E-50A28749F221} = {5219D71D-C2E7-4327-8887-395646D84B2A}
		{D06B56EF-0F91-4942-9BBA-0E943D9DC996} = {355CD1A3-BB1B-4D68-AB53-C24A90EDDBE9}
		{EB4BDB4C-9727-4498-99C9-F9865D3EA9A5} = {D06B56EF-0F91-4942-9BBA-0E943D9DC996}
		{DAC1F5AD-1C5B-478E-A318-43AA4AC3E419} = {D06B56EF-0F91-4942-9BBA-0E943D9DC996}
		{41739FE2-D2B2-4447-AA5A-7F81676ECBF9} = {D06B56EF-0F91-4942-9BBA-0E943D9DC996}
		{AB2D89D1-36BF-4E33-B3EE-3FF78245DD7E} = {D06B56EF-0F91-4942-9BBA-0E943D9DC996}
		{245A9F3B-AAF1-4014-A632-0222B74012AB} = {D06B56EF-0F91-4942-9BBA-0E943D9DC996}
		{9FC189B0-BE2F-4E7D-84C8-849BA3F300E6} = {355CD1A3-BB1B-4D68-AB53-C24A90EDDBE9}
		{31AA7405-1731-48A8-AFDE-EE16E347B03A} = {9FC189B0-BE2F-4E7D-84C8-849BA3F300E6}
		{6CAA5402-20B2-4AC5-9EB0-FA0116FDE3C8} = {355CD1A3-BB1B-4D68-AB53-C24A90EDDBE9}
		{2E98D979-5954-433F-B0B5-09938A548CC6} = {6CAA5402-20B2-4AC5-9EB0-FA0116FDE3C8}
		{623DEB57-3BD3-4299-8599-F9AE83480BFF} = {9FC189B0-BE2F-4E7D-84C8-849BA3F300E6}
		{87FC65B3-E5CA-45A8-B5B9-5544965123DB} = {355CD1A3-BB1B-4D68-AB53-C24A90EDDBE9}
		{373539EF-8E53-46F0-82DD-044487242382} = {87FC65B3-E5CA-45A8-B5B9-5544965123DB}
		{60F98016-89CB-417F-9BBA-4F868AE7A447} = {355CD1A3-BB1B-4D68-AB53-C24A90EDDBE9}
		{0B5109FD-6DDF-4A44-9C88-13D58D4DB800} = {60F98016-89CB-417F-9BBA-4F868AE7A447}
		{B9CE34EF-2A04-4254-B787-AA55A44C01F4} = {355CD1A3-BB1B-4D68-AB53-C24A90EDDBE9}
		{EC7ED392-3CB3-4C37-A07E-2A783B354D2F} = {B9CE34EF-2A04-4254-B787-AA55A44C01F4}
		{D55F42BA-2A34-4CA7-9D14-FADDE720A03B} = {355CD1A3-BB1B-4D68-AB53-C24A90EDDBE9}
		{886A1B9A-EF6C-4596-AFB9-7EF6904C6150} = {D55F42BA-2A34-4CA7-9D14-FADDE720A03B}
		{F0344659-7650-43FD-9808-2A45CA8CF20A} = {355CD1A3-BB1B-4D68-AB53-C24A90EDDBE9}
		{CD04C8E5-3B50-4C77-A6A4-71077F582DC3} = {F0344659-7650-43FD-9808-2A45CA8CF20A}
		{D2F0FBD4-B704-4C76-A72F-1C659AB4B474} = {355CD1A3-BB1B-4D68-AB53-C24A90EDDBE9}
		{BD7F4499-CDC5-49F9-9FFF-8C689FF002C5} = {D2F0FBD4-B704-4C76-A72F-1C659AB4B474}
		{2D01AD63-3BF8-4D22-B712-EFBF2139675A} = {D2F0FBD4-B704-4C76-A72F-1C659AB4B474}
		{157C2052-364C-444C-83FC-240A1C5A9B5E} = {D2F0FBD4-B704-4C76-A72F-1C659AB4B474}
		{7E8A689D-4314-4643-AF2A-E38940F06C28} = {5C304753-2A35-4042-A808-EF6B3CE2F866}
		{E26722BD-6B43-40BB-9FFC-069C96CA696C} = {7E8A689D-4314-4643-AF2A-E38940F06C28}
	EndGlobalSection
	GlobalSection(ExtensibilityGlobals) = postSolution
		SolutionGuid = {76EC34DF-6BC3-4283-8128-050FEAB28534}
	EndGlobalSection
EndGlobal
